
Microsoft Visual Studio Solution File, Format Version 12.00
# Visual Studio Version 16
VisualStudioVersion = 16.0.29503.13
MinimumVisualStudioVersion = 10.0.40219.1
Project("{888888A0-9F3D-457C-B088-3A5042F75D52}") = "HTICakinator", "HTICakinator\HTICakinator.pyproj", "{18E85DB3-009E-4D39-8335-E8673F97BD21}"
EndProject
Project("{2150E333-8FDC-42A3-9474-1A3956D46DE8}") = "Solution Items", "Solution Items", "{DB6DAC33-DB7A-4A0C-8C36-0731D25AC15E}"
	ProjectSection(SolutionItems) = preProject
		HTICakinator\templates\layout.html = HTICakinator\templates\layout.html
	EndProjectSection
EndProject
Global
	GlobalSection(SolutionConfigurationPlatforms) = preSolution
		Debug|Any CPU = Debug|Any CPU
		Release|Any CPU = Release|Any CPU
	EndGlobalSection
	GlobalSection(ProjectConfigurationPlatforms) = postSolution
		{18E85DB3-009E-4D39-8335-E8673F97BD21}.Debug|Any CPU.ActiveCfg = Debug|Any CPU
		{18E85DB3-009E-4D39-8335-E8673F97BD21}.Release|Any CPU.ActiveCfg = Release|Any CPU
	EndGlobalSection
	GlobalSection(SolutionProperties) = preSolution
		HideSolutionNode = FALSE
	EndGlobalSection
	GlobalSection(ExtensibilityGlobals) = postSolution
		SolutionGuid = {99165F55-35DA-423D-9801-B27A78F7D135}
	EndGlobalSection
EndGlobal
